
Microsoft Visual Studio Solution File, Format Version 12.00
# Visual Studio Version 17
VisualStudioVersion = 17.0.31903.59
MinimumVisualStudioVersion = 10.0.40219.1
Project("{2150E333-8FDC-42A3-9474-1A3956D46DE8}") = "src", "src", "{827E0CD3-B72D-47B6-A68D-7590B98EB39B}"
EndProject
Project("{FAE04EC0-301F-11D3-BF4B-00C04F79EFBC}") = "Pitly.Core", "src\Pitly.Core\Pitly.Core.csproj", "{9F6A63CF-3C90-4587-8F4E-989A0BDD1621}"
EndProject
Project("{FAE04EC0-301F-11D3-BF4B-00C04F79EFBC}") = "Pitly.Api", "src\Pitly.Api\Pitly.Api.csproj", "{126A1B10-C707-4298-B1F3-CD29D02CCA52}"
EndProject
Project("{FAE04EC0-301F-11D3-BF4B-00C04F79EFBC}") = "Pitly.Broker.InteractiveBrokers", "src\Pitly.Broker.InteractiveBrokers\Pitly.Broker.InteractiveBrokers.csproj", "{713E4216-F2AB-4CCE-9F9E-B6E4F1C8199F}"
EndProject
Project("{FAE04EC0-301F-11D3-BF4B-00C04F79EFBC}") = "Pitly.Broker.Trading212", "src\Pitly.Broker.Trading212\Pitly.Broker.Trading212.csproj", "{76DE8AA0-7399-4438-A83A-84EA01141300}"
EndProject
Project("{2150E333-8FDC-42A3-9474-1A3956D46DE8}") = "tests", "tests", "{0AB3BF05-4346-4AA6-1389-037BE0695223}"
EndProject
Project("{FAE04EC0-301F-11D3-BF4B-00C04F79EFBC}") = "Pitly.Tests", "tests\Pitly.Tests\Pitly.Tests.csproj", "{03376FA5-FA40-49B9-9B67-BE4731F053D2}"
EndProject
Project("{FAE04EC0-301F-11D3-BF4B-00C04F79EFBC}") = "Pitly.Broker.LGT", "src\Pitly.Broker.LGT\Pitly.Broker.LGT.csproj", "{BDDEBDE3-C625-4BA5-A3AB-C344EEFD32C6}"
EndProject
Global
	GlobalSection(SolutionConfigurationPlatforms) = preSolution
		Debug|Any CPU = Debug|Any CPU
		Debug|x64 = Debug|x64
		Debug|x86 = Debug|x86
		Release|Any CPU = Release|Any CPU
		Release|x64 = Release|x64
		Release|x86 = Release|x86
	EndGlobalSection
	GlobalSection(ProjectConfigurationPlatforms) = postSolution
		{9F6A63CF-3C90-4587-8F4E-989A0BDD1621}.Debug|Any CPU.ActiveCfg = Debug|Any CPU
		{9F6A63CF-3C90-4587-8F4E-989A0BDD1621}.Debug|Any CPU.Build.0 = Debug|Any CPU
		{9F6A63CF-3C90-4587-8F4E-989A0BDD1621}.Debug|x64.ActiveCfg = Debug|Any CPU
		{9F6A63CF-3C90-4587-8F4E-989A0BDD1621}.Debug|x64.Build.0 = Debug|Any CPU
		{9F6A63CF-3C90-4587-8F4E-989A0BDD1621}.Debug|x86.ActiveCfg = Debug|Any CPU
		{9F6A63CF-3C90-4587-8F4E-989A0BDD1621}.Debug|x86.Build.0 = Debug|Any CPU
		{9F6A63CF-3C90-4587-8F4E-989A0BDD1621}.Release|Any CPU.ActiveCfg = Release|Any CPU
		{9F6A63CF-3C90-4587-8F4E-989A0BDD1621}.Release|Any CPU.Build.0 = Release|Any CPU
		{9F6A63CF-3C90-4587-8F4E-989A0BDD1621}.Release|x64.ActiveCfg = Release|Any CPU
		{9F6A63CF-3C90-4587-8F4E-989A0BDD1621}.Release|x64.Build.0 = Release|Any CPU
		{9F6A63CF-3C90-4587-8F4E-989A0BDD1621}.Release|x86.ActiveCfg = Release|Any CPU
		{9F6A63CF-3C90-4587-8F4E-989A0BDD1621}.Release|x86.Build.0 = Release|Any CPU
		{126A1B10-C707-4298-B1F3-CD29D02CCA52}.Debug|Any CPU.ActiveCfg = Debug|Any CPU
		{126A1B10-C707-4298-B1F3-CD29D02CCA52}.Debug|Any CPU.Build.0 = Debug|Any CPU
		{126A1B10-C707-4298-B1F3-CD29D02CCA52}.Debug|x64.ActiveCfg = Debug|Any CPU
		{126A1B10-C707-4298-B1F3-CD29D02CCA52}.Debug|x64.Build.0 = Debug|Any CPU
		{126A1B10-C707-4298-B1F3-CD29D02CCA52}.Debug|x86.ActiveCfg = Debug|Any CPU
		{126A1B10-C707-4298-B1F3-CD29D02CCA52}.Debug|x86.Build.0 = Debug|Any CPU
		{126A1B10-C707-4298-B1F3-CD29D02CCA52}.Release|Any CPU.ActiveCfg = Release|Any CPU
		{126A1B10-C707-4298-B1F3-CD29D02CCA52}.Release|Any CPU.Build.0 = Release|Any CPU
		{126A1B10-C707-4298-B1F3-CD29D02CCA52}.Release|x64.ActiveCfg = Release|Any CPU
		{126A1B10-C707-4298-B1F3-CD29D02CCA52}.Release|x64.Build.0 = Release|Any CPU
		{126A1B10-C707-4298-B1F3-CD29D02CCA52}.Release|x86.ActiveCfg = Release|Any CPU
		{126A1B10-C707-4298-B1F3-CD29D02CCA52}.Release|x86.Build.0 = Release|Any CPU
		{713E4216-F2AB-4CCE-9F9E-B6E4F1C8199F}.Debug|Any CPU.ActiveCfg = Debug|Any CPU
		{713E4216-F2AB-4CCE-9F9E-B6E4F1C8199F}.Debug|Any CPU.Build.0 = Debug|Any CPU
		{713E4216-F2AB-4CCE-9F9E-B6E4F1C8199F}.Debug|x64.ActiveCfg = Debug|Any CPU
		{713E4216-F2AB-4CCE-9F9E-B6E4F1C8199F}.Debug|x64.Build.0 = Debug|Any CPU
		{713E4216-F2AB-4CCE-9F9E-B6E4F1C8199F}.Debug|x86.ActiveCfg = Debug|Any CPU
		{713E4216-F2AB-4CCE-9F9E-B6E4F1C8199F}.Debug|x86.Build.0 = Debug|Any CPU
		{713E4216-F2AB-4CCE-9F9E-B6E4F1C8199F}.Release|Any CPU.ActiveCfg = Release|Any CPU
		{713E4216-F2AB-4CCE-9F9E-B6E4F1C8199F}.Release|Any CPU.Build.0 = Release|Any CPU
		{713E4216-F2AB-4CCE-9F9E-B6E4F1C8199F}.Release|x64.ActiveCfg = Release|Any CPU
		{713E4216-F2AB-4CCE-9F9E-B6E4F1C8199F}.Release|x64.Build.0 = Release|Any CPU
		{713E4216-F2AB-4CCE-9F9E-B6E4F1C8199F}.Release|x86.ActiveCfg = Release|Any CPU
		{713E4216-F2AB-4CCE-9F9E-B6E4F1C8199F}.Release|x86.Build.0 = Release|Any CPU
		{76DE8AA0-7399-4438-A83A-84EA01141300}.Debug|Any CPU.ActiveCfg = Debug|Any CPU
		{76DE8AA0-7399-4438-A83A-84EA01141300}.Debug|Any CPU.Build.0 = Debug|Any CPU
		{76DE8AA0-7399-4438-A83A-84EA01141300}.Debug|x64.ActiveCfg = Debug|Any CPU
		{76DE8AA0-7399-4438-A83A-84EA01141300}.Debug|x64.Build.0 = Debug|Any CPU
		{76DE8AA0-7399-4438-A83A-84EA01141300}.Debug|x86.ActiveCfg = Debug|Any CPU
		{76DE8AA0-7399-4438-A83A-84EA01141300}.Debug|x86.Build.0 = Debug|Any CPU
		{76DE8AA0-7399-4438-A83A-84EA01141300}.Release|Any CPU.ActiveCfg = Release|Any CPU
		{76DE8AA0-7399-4438-A83A-84EA01141300}.Release|Any CPU.Build.0 = Release|Any CPU
		{76DE8AA0-7399-4438-A83A-84EA01141300}.Release|x64.ActiveCfg = Release|Any CPU
		{76DE8AA0-7399-4438-A83A-84EA01141300}.Release|x64.Build.0 = Release|Any CPU
		{76DE8AA0-7399-4438-A83A-84EA01141300}.Release|x86.ActiveCfg = Release|Any CPU
		{76DE8AA0-7399-4438-A83A-84EA01141300}.Release|x86.Build.0 = Release|Any CPU
		{03376FA5-FA40-49B9-9B67-BE4731F053D2}.Debug|Any CPU.ActiveCfg = Debug|Any CPU
		{03376FA5-FA40-49B9-9B67-BE4731F053D2}.Debug|Any CPU.Build.0 = Debug|Any CPU
		{03376FA5-FA40-49B9-9B67-BE4731F053D2}.Debug|x64.ActiveCfg = Debug|Any CPU
		{03376FA5-FA40-49B9-9B67-BE4731F053D2}.Debug|x64.Build.0 = Debug|Any CPU
		{03376FA5-FA40-49B9-9B67-BE4731F053D2}.Debug|x86.ActiveCfg = Debug|Any CPU
		{03376FA5-FA40-49B9-9B67-BE4731F053D2}.Debug|x86.Build.0 = Debug|Any CPU
		{03376FA5-FA40-49B9-9B67-BE4731F053D2}.Release|Any CPU.ActiveCfg = Release|Any CPU
		{03376FA5-FA40-49B9-9B67-BE4731F053D2}.Release|Any CPU.Build.0 = Release|Any CPU
		{03376FA5-FA40-49B9-9B67-BE4731F053D2}.Release|x64.ActiveCfg = Release|Any CPU
		{03376FA5-FA40-49B9-9B67-BE4731F053D2}.Release|x64.Build.0 = Release|Any CPU
		{03376FA5-FA40-49B9-9B67-BE4731F053D2}.Release|x86.ActiveCfg = Release|Any CPU
		{03376FA5-FA40-49B9-9B67-BE4731F053D2}.Release|x86.Build.0 = Release|Any CPU
		{BDDEBDE3-C625-4BA5-A3AB-C344EEFD32C6}.Debug|Any CPU.ActiveCfg = Debug|Any CPU
		{BDDEBDE3-C625-4BA5-A3AB-C344EEFD32C6}.Debug|Any CPU.Build.0 = Debug|Any CPU
		{BDDEBDE3-C625-4BA5-A3AB-C344EEFD32C6}.Debug|x64.ActiveCfg = Debug|Any CPU
		{BDDEBDE3-C625-4BA5-A3AB-C344EEFD32C6}.Debug|x64.Build.0 = Debug|Any CPU
		{BDDEBDE3-C625-4BA5-A3AB-C344EEFD32C6}.Debug|x86.ActiveCfg = Debug|Any CPU
		{BDDEBDE3-C625-4BA5-A3AB-C344EEFD32C6}.Debug|x86.Build.0 = Debug|Any CPU
		{BDDEBDE3-C625-4BA5-A3AB-C344EEFD32C6}.Release|Any CPU.ActiveCfg = Release|Any CPU
		{BDDEBDE3-C625-4BA5-A3AB-C344EEFD32C6}.Release|Any CPU.Build.0 = Release|Any CPU
		{BDDEBDE3-C625-4BA5-A3AB-C344EEFD32C6}.Release|x64.ActiveCfg = Release|Any CPU
		{BDDEBDE3-C625-4BA5-A3AB-C344EEFD32C6}.Release|x64.Build.0 = Release|Any CPU
		{BDDEBDE3-C625-4BA5-A3AB-C344EEFD32C6}.Release|x86.ActiveCfg = Release|Any CPU
		{BDDEBDE3-C625-4BA5-A3AB-C344EEFD32C6}.Release|x86.Build.0 = Release|Any CPU
	EndGlobalSection
	GlobalSection(SolutionProperties) = preSolution
		HideSolutionNode = FALSE
	EndGlobalSection
	GlobalSection(NestedProjects) = preSolution
		{9F6A63CF-3C90-4587-8F4E-989A0BDD1621} = {827E0CD3-B72D-47B6-A68D-7590B98EB39B}
		{126A1B10-C707-4298-B1F3-CD29D02CCA52} = {827E0CD3-B72D-47B6-A68D-7590B98EB39B}
		{713E4216-F2AB-4CCE-9F9E-B6E4F1C8199F} = {827E0CD3-B72D-47B6-A68D-7590B98EB39B}
		{76DE8AA0-7399-4438-A83A-84EA01141300} = {827E0CD3-B72D-47B6-A68D-7590B98EB39B}
		{03376FA5-FA40-49B9-9B67-BE4731F053D2} = {0AB3BF05-4346-4AA6-1389-037BE0695223}
		{BDDEBDE3-C625-4BA5-A3AB-C344EEFD32C6} = {827E0CD3-B72D-47B6-A68D-7590B98EB39B}
	EndGlobalSection
EndGlobal
